
Microsoft Visual Studio Solution File, Format Version 12.00
# Visual Studio Version 17
VisualStudioVersion = 17.0.32112.339
MinimumVisualStudioVersion = 10.0.40219.1
Project("{9A19103F-16F7-4668-BE54-9A1E7A4F7556}") = "MartianRobots", "MartianRobots\MartianRobots.csproj", "{6560BD3F-FE16-485E-905A-3F75828BB462}"
EndProject
Project("{9A19103F-16F7-4668-BE54-9A1E7A4F7556}") = "MartianRobotWebApi", "MartianRobotWebApi\MartianRobotWebApi.csproj", "{6F679A1D-C109-4799-8921-1F82FC41E19D}"
EndProject
Project("{9A19103F-16F7-4668-BE54-9A1E7A4F7556}") = "MartianRobotsTest", "MartianRobotsTest\MartianRobotsTest.csproj", "{4824BA76-6D77-4726-BAF5-0F4E2D071E7F}"
EndProject
Global
	GlobalSection(SolutionConfigurationPlatforms) = preSolution
		Debug|Any CPU = Debug|Any CPU
		Release|Any CPU = Release|Any CPU
	EndGlobalSection
	GlobalSection(ProjectConfigurationPlatforms) = postSolution
		{6560BD3F-FE16-485E-905A-3F75828BB462}.Debug|Any CPU.ActiveCfg = Debug|Any CPU
		{6560BD3F-FE16-485E-905A-3F75828BB462}.Debug|Any CPU.Build.0 = Debug|Any CPU
		{6560BD3F-FE16-485E-905A-3F75828BB462}.Release|Any CPU.ActiveCfg = Release|Any CPU
		{6560BD3F-FE16-485E-905A-3F75828BB462}.Release|Any CPU.Build.0 = Release|Any CPU
		{6F679A1D-C109-4799-8921-1F82FC41E19D}.Debug|Any CPU.ActiveCfg = Debug|Any CPU
		{6F679A1D-C109-4799-8921-1F82FC41E19D}.Debug|Any CPU.Build.0 = Debug|Any CPU
		{6F679A1D-C109-4799-8921-1F82FC41E19D}.Release|Any CPU.ActiveCfg = Release|Any CPU
		{6F679A1D-C109-4799-8921-1F82FC41E19D}.Release|Any CPU.Build.0 = Release|Any CPU
		{4824BA76-6D77-4726-BAF5-0F4E2D071E7F}.Debug|Any CPU.ActiveCfg = Debug|Any CPU
		{4824BA76-6D77-4726-BAF5-0F4E2D071E7F}.Debug|Any CPU.Build.0 = Debug|Any CPU
		{4824BA76-6D77-4726-BAF5-0F4E2D071E7F}.Release|Any CPU.ActiveCfg = Release|Any CPU
		{4824BA76-6D77-4726-BAF5-0F4E2D071E7F}.Release|Any CPU.Build.0 = Release|Any CPU
	EndGlobalSection
	GlobalSection(SolutionProperties) = preSolution
		HideSolutionNode = FALSE
	EndGlobalSection
	GlobalSection(ExtensibilityGlobals) = postSolution
		SolutionGuid = {62C15496-1DAE-4657-BD71-47462C936216}
	EndGlobalSection
EndGlobal
